
Microsoft Visual Studio Solution File, Format Version 12.00
# Visual Studio Version 16
VisualStudioVersion = 16.0.29728.190
MinimumVisualStudioVersion = 10.0.40219.1
Project("{FAE04EC0-301F-11D3-BF4B-00C04F79EFBC}") = "ContatosAPI", "ContatosAPI\ContatosAPI.csproj", "{A201C6A9-EA5B-4DA3-9D49-C174F9A808C0}"
EndProject
Project("{2150E333-8FDC-42A3-9474-1A3956D46DE8}") = "1-Host", "1-Host", "{79444585-871F-4231-B93D-770C8910EE1E}"
EndProject
Project("{FAE04EC0-301F-11D3-BF4B-00C04F79EFBC}") = "ContatosAPI1", "1-Host\ContatosAPI1\ContatosAPI1.csproj", "{22DFCE15-6959-4158-AFD5-500FB4F51A9B}"
EndProject
Global
	GlobalSection(SolutionConfigurationPlatforms) = preSolution
		Debug|Any CPU = Debug|Any CPU
		Release|Any CPU = Release|Any CPU
	EndGlobalSection
	GlobalSection(ProjectConfigurationPlatforms) = postSolution
		{A201C6A9-EA5B-4DA3-9D49-C174F9A808C0}.Debug|Any CPU.ActiveCfg = Debug|Any CPU
		{A201C6A9-EA5B-4DA3-9D49-C174F9A808C0}.Debug|Any CPU.Build.0 = Debug|Any CPU
		{A201C6A9-EA5B-4DA3-9D49-C174F9A808C0}.Release|Any CPU.ActiveCfg = Release|Any CPU
		{A201C6A9-EA5B-4DA3-9D49-C174F9A808C0}.Release|Any CPU.Build.0 = Release|Any CPU
		{22DFCE15-6959-4158-AFD5-500FB4F51A9B}.Debug|Any CPU.ActiveCfg = Debug|Any CPU
		{22DFCE15-6959-4158-AFD5-500FB4F51A9B}.Debug|Any CPU.Build.0 = Debug|Any CPU
		{22DFCE15-6959-4158-AFD5-500FB4F51A9B}.Release|Any CPU.ActiveCfg = Release|Any CPU
		{22DFCE15-6959-4158-AFD5-500FB4F51A9B}.Release|Any CPU.Build.0 = Release|Any CPU
	EndGlobalSection
	GlobalSection(SolutionProperties) = preSolution
		HideSolutionNode = FALSE
	EndGlobalSection
	GlobalSection(NestedProjects) = preSolution
		{A201C6A9-EA5B-4DA3-9D49-C174F9A808C0} = {79444585-871F-4231-B93D-770C8910EE1E}
		{22DFCE15-6959-4158-AFD5-500FB4F51A9B} = {79444585-871F-4231-B93D-770C8910EE1E}
	EndGlobalSection
	GlobalSection(ExtensibilityGlobals) = postSolution
		SolutionGuid = {0F49AA3D-88EC-4FE8-8625-5242B9938B0B}
	EndGlobalSection
EndGlobal
